
Microsoft Visual Studio Solution File, Format Version 12.00
# Visual Studio Version 17
VisualStudioVersion = 17.9.34622.214
MinimumVisualStudioVersion = 10.0.40219.1
Project("{FAE04EC0-301F-11D3-BF4B-00C04F79EFBC}") = "LIA_Uppgift", "LIA_Uppgift.csproj", "{6C6E0E38-5D1A-4824-8577-3461133747D5}"
EndProject
Global
	GlobalSection(SolutionConfigurationPlatforms) = preSolution
		Debug|Any CPU = Debug|Any CPU
		Release|Any CPU = Release|Any CPU
	EndGlobalSection
	GlobalSection(ProjectConfigurationPlatforms) = postSolution
		{6C6E0E38-5D1A-4824-8577-3461133747D5}.Debug|Any CPU.ActiveCfg = Debug|Any CPU
		{6C6E0E38-5D1A-4824-8577-3461133747D5}.Debug|Any CPU.Build.0 = Debug|Any CPU
		{6C6E0E38-5D1A-4824-8577-3461133747D5}.Release|Any CPU.ActiveCfg = Release|Any CPU
		{6C6E0E38-5D1A-4824-8577-3461133747D5}.Release|Any CPU.Build.0 = Release|Any CPU
	EndGlobalSection
	GlobalSection(SolutionProperties) = preSolution
		HideSolutionNode = FALSE
	EndGlobalSection
	GlobalSection(ExtensibilityGlobals) = postSolution
		SolutionGuid = {F0FD2A1D-DF12-4668-A780-00CA79B312F8}
	EndGlobalSection
EndGlobal
